{
    "dependencies": {
        "snowpack": {
            "version": "2.18.4",
            "resolved": "https://registry.npmjs.org/snowpack/-/snowpack-2.18.4.tgz",
            "integrity": "sha512-tZpcK3UBtYVF9ED1h9h9qkSYSC2IzVXjOHN+Iqo3tnDMCHvv/fgTMQT3+nJwPerBYvUemaCTS8pjRQDYfbWfQA==",
            "dependencies": {
                "esbuild": {
                    "version": "0.8.10",
                    "resolved": "https://registry.npmjs.org/esbuild/-/esbuild-0.8.10.tgz",
                    "integrity": "sha512-rOWqKtJUspyJGO7/KDuxELuCEODijBbxbeMFBWNoSGCMCoTpk4H+PO3AahHpM2rJW1Eg5gU6C+rblXyoHoETBw=="
                }
            }
        }
    }
}
